
Microsoft Visual Studio Solution File, Format Version 12.00
# Visual Studio Version 17
VisualStudioVersion = 17.0.31903.59
MinimumVisualStudioVersion = 10.0.40219.1
Project("{2150E333-8FDC-42A3-9474-1A3956D46DE8}") = "src", "src", "{827E0CD3-B72D-47B6-A68D-7590B98EB39B}"
EndProject
Project("{FAE04EC0-301F-11D3-BF4B-00C04F79EFBC}") = "Domain", "src\Domain\Domain.csproj", "{99751F43-8838-49A9-B9D7-23C2A52385D2}"
EndProject
Project("{FAE04EC0-301F-11D3-BF4B-00C04F79EFBC}") = "Application", "src\Application\Application.csproj", "{20B29922-45D9-4779-920A-1DC32C37F6DB}"
EndProject
Project("{FAE04EC0-301F-11D3-BF4B-00C04F79EFBC}") = "Infrastructure", "src\Infrastructure\Infrastructure.csproj", "{DBF69923-545E-49C1-9ED0-20C378173FCE}"
EndProject
Project("{FAE04EC0-301F-11D3-BF4B-00C04F79EFBC}") = "Proxy", "src\Proxy\Proxy.csproj", "{510052A3-6A9B-4733-A3A7-34C553335EAE}"
EndProject
Project("{FAE04EC0-301F-11D3-BF4B-00C04F79EFBC}") = "Worker", "src\Worker\Worker.csproj", "{87C70ECC-57C0-4347-9E58-7E4D0C540177}"
EndProject
Global
	GlobalSection(SolutionConfigurationPlatforms) = preSolution
		Debug|Any CPU = Debug|Any CPU
		Debug|x64 = Debug|x64
		Debug|x86 = Debug|x86
		Release|Any CPU = Release|Any CPU
		Release|x64 = Release|x64
		Release|x86 = Release|x86
	EndGlobalSection
	GlobalSection(ProjectConfigurationPlatforms) = postSolution
		{99751F43-8838-49A9-B9D7-23C2A52385D2}.Debug|Any CPU.ActiveCfg = Debug|Any CPU
		{99751F43-8838-49A9-B9D7-23C2A52385D2}.Debug|Any CPU.Build.0 = Debug|Any CPU
		{99751F43-8838-49A9-B9D7-23C2A52385D2}.Debug|x64.ActiveCfg = Debug|Any CPU
		{99751F43-8838-49A9-B9D7-23C2A52385D2}.Debug|x64.Build.0 = Debug|Any CPU
		{99751F43-8838-49A9-B9D7-23C2A52385D2}.Debug|x86.ActiveCfg = Debug|Any CPU
		{99751F43-8838-49A9-B9D7-23C2A52385D2}.Debug|x86.Build.0 = Debug|Any CPU
		{99751F43-8838-49A9-B9D7-23C2A52385D2}.Release|Any CPU.ActiveCfg = Release|Any CPU
		{99751F43-8838-49A9-B9D7-23C2A52385D2}.Release|Any CPU.Build.0 = Release|Any CPU
		{99751F43-8838-49A9-B9D7-23C2A52385D2}.Release|x64.ActiveCfg = Release|Any CPU
		{99751F43-8838-49A9-B9D7-23C2A52385D2}.Release|x64.Build.0 = Release|Any CPU
		{99751F43-8838-49A9-B9D7-23C2A52385D2}.Release|x86.ActiveCfg = Release|Any CPU
		{99751F43-8838-49A9-B9D7-23C2A52385D2}.Release|x86.Build.0 = Release|Any CPU
		{20B29922-45D9-4779-920A-1DC32C37F6DB}.Debug|Any CPU.ActiveCfg = Debug|Any CPU
		{20B29922-45D9-4779-920A-1DC32C37F6DB}.Debug|Any CPU.Build.0 = Debug|Any CPU
		{20B29922-45D9-4779-920A-1DC32C37F6DB}.Debug|x64.ActiveCfg = Debug|Any CPU
		{20B29922-45D9-4779-920A-1DC32C37F6DB}.Debug|x64.Build.0 = Debug|Any CPU
		{20B29922-45D9-4779-920A-1DC32C37F6DB}.Debug|x86.ActiveCfg = Debug|Any CPU
		{20B29922-45D9-4779-920A-1DC32C37F6DB}.Debug|x86.Build.0 = Debug|Any CPU
		{20B29922-45D9-4779-920A-1DC32C37F6DB}.Release|Any CPU.ActiveCfg = Release|Any CPU
		{20B29922-45D9-4779-920A-1DC32C37F6DB}.Release|Any CPU.Build.0 = Release|Any CPU
		{20B29922-45D9-4779-920A-1DC32C37F6DB}.Release|x64.ActiveCfg = Release|Any CPU
		{20B29922-45D9-4779-920A-1DC32C37F6DB}.Release|x64.Build.0 = Release|Any CPU
		{20B29922-45D9-4779-920A-1DC32C37F6DB}.Release|x86.ActiveCfg = Release|Any CPU
		{20B29922-45D9-4779-920A-1DC32C37F6DB}.Release|x86.Build.0 = Release|Any CPU
		{DBF69923-545E-49C1-9ED0-20C378173FCE}.Debug|Any CPU.ActiveCfg = Debug|Any CPU
		{DBF69923-545E-49C1-9ED0-20C378173FCE}.Debug|Any CPU.Build.0 = Debug|Any CPU
		{DBF69923-545E-49C1-9ED0-20C378173FCE}.Debug|x64.ActiveCfg = Debug|Any CPU
		{DBF69923-545E-49C1-9ED0-20C378173FCE}.Debug|x64.Build.0 = Debug|Any CPU
		{DBF69923-545E-49C1-9ED0-20C378173FCE}.Debug|x86.ActiveCfg = Debug|Any CPU
		{DBF69923-545E-49C1-9ED0-20C378173FCE}.Debug|x86.Build.0 = Debug|Any CPU
		{DBF69923-545E-49C1-9ED0-20C378173FCE}.Release|Any CPU.ActiveCfg = Release|Any CPU
		{DBF69923-545E-49C1-9ED0-20C378173FCE}.Release|Any CPU.Build.0 = Release|Any CPU
		{DBF69923-545E-49C1-9ED0-20C378173FCE}.Release|x64.ActiveCfg = Release|Any CPU
		{DBF69923-545E-49C1-9ED0-20C378173FCE}.Release|x64.Build.0 = Release|Any CPU
		{DBF69923-545E-49C1-9ED0-20C378173FCE}.Release|x86.ActiveCfg = Release|Any CPU
		{DBF69923-545E-49C1-9ED0-20C378173FCE}.Release|x86.Build.0 = Release|Any CPU
		{510052A3-6A9B-4733-A3A7-34C553335EAE}.Debug|Any CPU.ActiveCfg = Debug|Any CPU
		{510052A3-6A9B-4733-A3A7-34C553335EAE}.Debug|Any CPU.Build.0 = Debug|Any CPU
		{510052A3-6A9B-4733-A3A7-34C553335EAE}.Debug|x64.ActiveCfg = Debug|Any CPU
		{510052A3-6A9B-4733-A3A7-34C553335EAE}.Debug|x64.Build.0 = Debug|Any CPU
		{510052A3-6A9B-4733-A3A7-34C553335EAE}.Debug|x86.ActiveCfg = Debug|Any CPU
		{510052A3-6A9B-4733-A3A7-34C553335EAE}.Debug|x86.Build.0 = Debug|Any CPU
		{510052A3-6A9B-4733-A3A7-34C553335EAE}.Release|Any CPU.ActiveCfg = Release|Any CPU
		{510052A3-6A9B-4733-A3A7-34C553335EAE}.Release|Any CPU.Build.0 = Release|Any CPU
		{510052A3-6A9B-4733-A3A7-34C553335EAE}.Release|x64.ActiveCfg = Release|Any CPU
		{510052A3-6A9B-4733-A3A7-34C553335EAE}.Release|x64.Build.0 = Release|Any CPU
		{510052A3-6A9B-4733-A3A7-34C553335EAE}.Release|x86.ActiveCfg = Release|Any CPU
		{510052A3-6A9B-4733-A3A7-34C553335EAE}.Release|x86.Build.0 = Release|Any CPU
		{87C70ECC-57C0-4347-9E58-7E4D0C540177}.Debug|Any CPU.ActiveCfg = Debug|Any CPU
		{87C70ECC-57C0-4347-9E58-7E4D0C540177}.Debug|Any CPU.Build.0 = Debug|Any CPU
		{87C70ECC-57C0-4347-9E58-7E4D0C540177}.Debug|x64.ActiveCfg = Debug|Any CPU
		{87C70ECC-57C0-4347-9E58-7E4D0C540177}.Debug|x64.Build.0 = Debug|Any CPU
		{87C70ECC-57C0-4347-9E58-7E4D0C540177}.Debug|x86.ActiveCfg = Debug|Any CPU
		{87C70ECC-57C0-4347-9E58-7E4D0C540177}.Debug|x86.Build.0 = Debug|Any CPU
		{87C70ECC-57C0-4347-9E58-7E4D0C540177}.Release|Any CPU.ActiveCfg = Release|Any CPU
		{87C70ECC-57C0-4347-9E58-7E4D0C540177}.Release|Any CPU.Build.0 = Release|Any CPU
		{87C70ECC-57C0-4347-9E58-7E4D0C540177}.Release|x64.ActiveCfg = Release|Any CPU
		{87C70ECC-57C0-4347-9E58-7E4D0C540177}.Release|x64.Build.0 = Release|Any CPU
		{87C70ECC-57C0-4347-9E58-7E4D0C540177}.Release|x86.ActiveCfg = Release|Any CPU
		{87C70ECC-57C0-4347-9E58-7E4D0C540177}.Release|x86.Build.0 = Release|Any CPU
	EndGlobalSection
	GlobalSection(SolutionProperties) = preSolution
		HideSolutionNode = FALSE
	EndGlobalSection
	GlobalSection(NestedProjects) = preSolution
		{99751F43-8838-49A9-B9D7-23C2A52385D2} = {827E0CD3-B72D-47B6-A68D-7590B98EB39B}
		{20B29922-45D9-4779-920A-1DC32C37F6DB} = {827E0CD3-B72D-47B6-A68D-7590B98EB39B}
		{DBF69923-545E-49C1-9ED0-20C378173FCE} = {827E0CD3-B72D-47B6-A68D-7590B98EB39B}
		{510052A3-6A9B-4733-A3A7-34C553335EAE} = {827E0CD3-B72D-47B6-A68D-7590B98EB39B}
		{87C70ECC-57C0-4347-9E58-7E4D0C540177} = {827E0CD3-B72D-47B6-A68D-7590B98EB39B}
	EndGlobalSection
EndGlobal
